<?xml version="1.0" encoding="utf-8"?>
<Project ToolsVersion="4.0" xmlns="http://schemas.microsoft.com/developer/msbuild/2003">
  <ItemGroup>
    <Filter Include="Include">
      <UniqueIdentifier>{93995380-89BD-4b04-88EB-625FBE52EBFB}</UniqueIdentifier>
      <Extensions>h;hh;hpp;hxx;h++;hm;inl;inc;ipp;xsd</Extensions>
    </Filter>
    <Filter Include="Source">
      <UniqueIdentifier>{4FC737F1-C7A5-4376-A066-2A32D752A2FF}</UniqueIdentifier>
      <Extensions>cpp;c;cc;cxx;c++;cppm;ixx;def;odl;idl;hpj;bat;asm;asmx</Extensions>
    </Filter>
    <Filter Include="Source\Gfx">
      <UniqueIdentifier>{0cc2c583-6cd0-46c1-916d-d4d226ff5be0}</UniqueIdentifier>
    </Filter>
    <Filter Include="Source\Math">
      <UniqueIdentifier>{14520042-ad22-4d35-b37d-a870b1730271}</UniqueIdentifier>
    </Filter>
    <Filter Include="Source\System">
      <UniqueIdentifier>{5ae6818d-1c4e-465d-9e87-9f964af0cfcd}</UniqueIdentifier>
    </Filter>
    <Filter Include="Source\Gfx\2D">
      <UniqueIdentifier>{1cb1ed9e-515e-499e-bb29-b77442a44ca3}</UniqueIdentifier>
    </Filter>
    <Filter Include="Source\Gfx\3D">
      <UniqueIdentifier>{ecd431a1-d444-4ebb-9b4f-f614795f5b1e}</UniqueIdentifier>
    </Filter>
    <Filter Include="Source\Gfx\Core">
      <UniqueIdentifier>{ca6edf7e-d6d4-43df-931e-7f5cd3cfdd82}</UniqueIdentifier>
    </Filter>
  </ItemGroup>
  <ItemGroup>
    <ClInclude Include="Source\System\CMemory.hpp">
      <Filter>Source\System</Filter>
    </ClInclude>
    <ClInclude Include="Source\System\CWindow.hpp">
      <Filter>Source\System</Filter>
    </ClInclude>
    <ClInclude Include="Source\System\CConsole.hpp">
      <Filter>Source\System</Filter>
    </ClInclude>
    <ClInclude Include="Include\WdkDef.hpp">
      <Filter>Include</Filter>
    </ClInclude>
    <ClInclude Include="Include\WdkMath.hpp">
      <Filter>Include</Filter>
    </ClInclude>
    <ClInclude Include="Include\WdkSystem.hpp">
      <Filter>Include</Filter>
    </ClInclude>
    <ClInclude Include="Include\Wdk.hpp">
      <Filter>Include</Filter>
    </ClInclude>
    <ClInclude Include="Include\WdkGfx.hpp">
      <Filter>Include</Filter>
    </ClInclude>
    <ClInclude Include="Source\Gfx\Core\CGfxDevice.hpp">
      <Filter>Source\Gfx\Core</Filter>
    </ClInclude>
    <ClInclude Include="Source\Math\CMath.hpp">
      <Filter>Source\Math</Filter>
    </ClInclude>
  </ItemGroup>
  <ItemGroup>
    <ClCompile Include="Source\Wdk.cpp">
      <Filter>Source</Filter>
    </ClCompile>
    <ClCompile Include="Source\System\CMemory.cpp">
      <Filter>Source\System</Filter>
    </ClCompile>
    <ClCompile Include="Source\System\CWindow.cpp">
      <Filter>Source\System</Filter>
    </ClCompile>
    <ClCompile Include="Source\System\CConsole.cpp">
      <Filter>Source\System</Filter>
    </ClCompile>
    <ClCompile Include="Source\Gfx\Core\CGfxDevice.cpp">
      <Filter>Source\Gfx\Core</Filter>
    </ClCompile>
    <ClCompile Include="Source\Math\CMath.cpp">
      <Filter>Source\Math</Filter>
    </ClCompile>
  </ItemGroup>
</Project>